
Microsoft Visual Studio Solution File, Format Version 12.00
# Visual Studio Version 17
VisualStudioVersion = 17.8.34316.72
MinimumVisualStudioVersion = 10.0.40219.1
Project("{FAE04EC0-301F-11D3-BF4B-00C04F79EFBC}") = "HillelHWCollectionsConsole", "HillelHWCollectionsConsole\HillelHWCollectionsConsole.csproj", "{49BB5BC2-D051-4ABB-A0B8-634324B174E4}"
EndProject
Project("{FAE04EC0-301F-11D3-BF4B-00C04F79EFBC}") = "HillelHWCollectionsLibrary", "HillelHWCollectionsLibrary\HillelHWCollectionsLibrary.csproj", "{6542206C-3F36-47AD-BC62-678B2B230B8C}"
EndProject
Global
	GlobalSection(SolutionConfigurationPlatforms) = preSolution
		Debug|Any CPU = Debug|Any CPU
		Release|Any CPU = Release|Any CPU
	EndGlobalSection
	GlobalSection(ProjectConfigurationPlatforms) = postSolution
		{49BB5BC2-D051-4ABB-A0B8-634324B174E4}.Debug|Any CPU.ActiveCfg = Debug|Any CPU
		{49BB5BC2-D051-4ABB-A0B8-634324B174E4}.Debug|Any CPU.Build.0 = Debug|Any CPU
		{49BB5BC2-D051-4ABB-A0B8-634324B174E4}.Release|Any CPU.ActiveCfg = Release|Any CPU
		{49BB5BC2-D051-4ABB-A0B8-634324B174E4}.Release|Any CPU.Build.0 = Release|Any CPU
		{6542206C-3F36-47AD-BC62-678B2B230B8C}.Debug|Any CPU.ActiveCfg = Debug|Any CPU
		{6542206C-3F36-47AD-BC62-678B2B230B8C}.Debug|Any CPU.Build.0 = Debug|Any CPU
		{6542206C-3F36-47AD-BC62-678B2B230B8C}.Release|Any CPU.ActiveCfg = Release|Any CPU
		{6542206C-3F36-47AD-BC62-678B2B230B8C}.Release|Any CPU.Build.0 = Release|Any CPU
	EndGlobalSection
	GlobalSection(SolutionProperties) = preSolution
		HideSolutionNode = FALSE
	EndGlobalSection
	GlobalSection(ExtensibilityGlobals) = postSolution
		SolutionGuid = {DFC7B126-C436-4700-B427-5E3A7B82F67E}
	EndGlobalSection
EndGlobal
